schema_version: 1

# Every tool runtime is a child of the same pinned MI355X/gfx950 scoring base.
# Native rocJITsu build dependencies have a separate builder lock below.
base:
  gfx950:
    reference: lmsysorg/sglang:v0.5.20-rocm10-mi35x
    digest: sha256:e20849665c105d389ef91d23c0dc73931aaa6f02056dd10e7b43e4f16c79df69
    rocm: 10.0.0

# The native C++ engines keep their GCC 13/Ubuntu 22.04 build toolchain.
# Only installed engines and their C++ runtime libraries enter the ROCm 10
# sidecars; HIP candidate/control compilation uses the new runtime SDK.
builders:
  rocjitsu:
    reference: lmsysorg/sglang-rocm@sha256:b435b508b5aa696abb25c909341ce73e41574c4271cf716bed72418dcea86b78

tools:
  triton_fpsan:
    triton:
      version: 3.8.0+git4cff872c.rocm10.0.0
      source: pinned_base_image

  gpu_asan:
    repository: https://stable.repo.amd.com/rocm/core/packages-asan/ubuntu2404
    packages:
      amdrocm-base-asan10.0:
        version: 10.0.0-4
        sha256: 030fc18229683369c77e7c9e124dd1b80114e7708a5ba8e86b985b031c2cda96
      amdrocm-llvm-asan10.0:
        version: 10.0.0-4
        sha256: 3f45a0f26b4c9c01741fea8d42dec83f16dae4f754253d09fba32f1c32aec724
      amdrocm-runtime-asan10.0:
        version: 10.0.0-4
        sha256: c23ff5640c087457980d0d8e9edda49b3eb1c2114dd21fe437ffcf5e942fd15b
      amdrocm-sysdeps-asan10.0:
        version: 10.0.0-4
        sha256: ff3c7cecf40d8133692116455266a7c0c02a2bdf5b695fdae746e47e50ff7147

  rocjitsu:
    repository: https://github.com/ROCm/rocm-systems.git
    commit: 0bf561a0d8a4a6b88954f2c46bd3a50871cda140
    gcc: 13.4.0-6ubuntu1~22~ppa2
    googletest:
      repository: https://github.com/google/googletest.git
      commit: b514bdc898e2951020cbdca1304b75f5950d1f59
    flatbuffers:
      repository: https://github.com/google/flatbuffers.git
      commit: 595bf0007ab1929570c7671f091313c8fc20644e

  rocjitsu_waitcheck:
    repository: https://github.com/ROCm/rocm-systems.git
    commit: ed35c0b54547c98bab359c8732529d9f5e8fd1ae
    target: gfx950
    interface: waitcheck-c-api-v1
    gcc: 13.4.0-6ubuntu1~22~ppa2
    zstd:
      version: 1.5.7
      sha256: eb33e51f49a15e023950cd7825ca74a4a2b43db8354825ac24fc1b7ee09e6fa3

  rocjitsu_consan:
    repository: https://github.com/ROCm/rocm-systems.git
    commit: ed35c0b54547c98bab359c8732529d9f5e8fd1ae
    target: gfx950
    mode: record-replay
    policy: strict
    gcc: 13.4.0-6ubuntu1~22~ppa2
    zstd:
      version: 1.5.7
      sha256: eb33e51f49a15e023950cd7825ca74a4a2b43db8354825ac24fc1b7ee09e6fa3

  hip_fpsan:
    repository: https://github.com/ROCm/hip-fpsan.git
    commit: 0ac9be8a1539a473ba21dfa686564c3be33c890e
    image_probe: src/eval_tools/probes/hip_fpsan_probe.hip

verification:
  gfx950: qualification_pending
  gfx942: unverified
